
Microsoft Visual Studio Solution File, Format Version 12.00
Project("{FAE04EC0-301F-11D3-BF4B-00C04F79EFBC}") = "ConsoleApp", "ConsoleApp\ConsoleApp.csproj", "{D38F00F3-CAA6-4CDA-A531-6E994C6044C0}"
EndProject
Project("{FAE04EC0-301F-11D3-BF4B-00C04F79EFBC}") = "Domain", "Domain\Domain.csproj", "{458DB12D-DA1D-4CBF-8C74-9D7EAD4F9F22}"
EndProject
Project("{FAE04EC0-301F-11D3-BF4B-00C04F79EFBC}") = "GameUI", "GameUI\GameUI.csproj", "{3D0FCE4D-6493-4A52-A97F-0BC4CD8BA7BE}"
EndProject
Project("{FAE04EC0-301F-11D3-BF4B-00C04F79EFBC}") = "Tests", "Tests\Tests.csproj", "{CFF1E6D2-EE5F-463F-AFD0-5981E1E03A88}"
EndProject
Global
	GlobalSection(SolutionConfigurationPlatforms) = preSolution
		Debug|Any CPU = Debug|Any CPU
		Release|Any CPU = Release|Any CPU
	EndGlobalSection
	GlobalSection(ProjectConfigurationPlatforms) = postSolution
		{D38F00F3-CAA6-4CDA-A531-6E994C6044C0}.Debug|Any CPU.ActiveCfg = Debug|Any CPU
		{D38F00F3-CAA6-4CDA-A531-6E994C6044C0}.Debug|Any CPU.Build.0 = Debug|Any CPU
		{D38F00F3-CAA6-4CDA-A531-6E994C6044C0}.Release|Any CPU.ActiveCfg = Release|Any CPU
		{D38F00F3-CAA6-4CDA-A531-6E994C6044C0}.Release|Any CPU.Build.0 = Release|Any CPU
		{458DB12D-DA1D-4CBF-8C74-9D7EAD4F9F22}.Debug|Any CPU.ActiveCfg = Debug|Any CPU
		{458DB12D-DA1D-4CBF-8C74-9D7EAD4F9F22}.Debug|Any CPU.Build.0 = Debug|Any CPU
		{458DB12D-DA1D-4CBF-8C74-9D7EAD4F9F22}.Release|Any CPU.ActiveCfg = Release|Any CPU
		{458DB12D-DA1D-4CBF-8C74-9D7EAD4F9F22}.Release|Any CPU.Build.0 = Release|Any CPU
		{3D0FCE4D-6493-4A52-A97F-0BC4CD8BA7BE}.Debug|Any CPU.ActiveCfg = Debug|Any CPU
		{3D0FCE4D-6493-4A52-A97F-0BC4CD8BA7BE}.Debug|Any CPU.Build.0 = Debug|Any CPU
		{3D0FCE4D-6493-4A52-A97F-0BC4CD8BA7BE}.Release|Any CPU.ActiveCfg = Release|Any CPU
		{3D0FCE4D-6493-4A52-A97F-0BC4CD8BA7BE}.Release|Any CPU.Build.0 = Release|Any CPU
		{CFF1E6D2-EE5F-463F-AFD0-5981E1E03A88}.Debug|Any CPU.ActiveCfg = Debug|Any CPU
		{CFF1E6D2-EE5F-463F-AFD0-5981E1E03A88}.Debug|Any CPU.Build.0 = Debug|Any CPU
		{CFF1E6D2-EE5F-463F-AFD0-5981E1E03A88}.Release|Any CPU.ActiveCfg = Release|Any CPU
		{CFF1E6D2-EE5F-463F-AFD0-5981E1E03A88}.Release|Any CPU.Build.0 = Release|Any CPU
	EndGlobalSection
EndGlobal
